
Microsoft Visual Studio Solution File, Format Version 12.00
# Visual Studio Version 17
VisualStudioVersion = 17.10.35027.167
MinimumVisualStudioVersion = 10.0.40219.1
Project("{9A19103F-16F7-4668-BE54-9A1E7A4F7556}") = "Service", "Service\Service.csproj", "{84DEA13A-062C-4A1A-95C3-046B054FE73B}"
EndProject
Project("{9A19103F-16F7-4668-BE54-9A1E7A4F7556}") = "ZIP2Go.WebAPI", "ZIP2Go.WebAPI\ZIP2Go.WebAPI.csproj", "{4E06BE35-084F-4852-B74F-7A6B51DA89D7}"
EndProject
Global
	GlobalSection(SolutionConfigurationPlatforms) = preSolution
		Debug|Any CPU = Debug|Any CPU
		Release|Any CPU = Release|Any CPU
	EndGlobalSection
	GlobalSection(ProjectConfigurationPlatforms) = postSolution
		{84DEA13A-062C-4A1A-95C3-046B054FE73B}.Debug|Any CPU.ActiveCfg = Debug|Any CPU
		{84DEA13A-062C-4A1A-95C3-046B054FE73B}.Debug|Any CPU.Build.0 = Debug|Any CPU
		{84DEA13A-062C-4A1A-95C3-046B054FE73B}.Release|Any CPU.ActiveCfg = Release|Any CPU
		{84DEA13A-062C-4A1A-95C3-046B054FE73B}.Release|Any CPU.Build.0 = Release|Any CPU
		{4E06BE35-084F-4852-B74F-7A6B51DA89D7}.Debug|Any CPU.ActiveCfg = Debug|Any CPU
		{4E06BE35-084F-4852-B74F-7A6B51DA89D7}.Debug|Any CPU.Build.0 = Debug|Any CPU
		{4E06BE35-084F-4852-B74F-7A6B51DA89D7}.Release|Any CPU.ActiveCfg = Release|Any CPU
		{4E06BE35-084F-4852-B74F-7A6B51DA89D7}.Release|Any CPU.Build.0 = Release|Any CPU
	EndGlobalSection
	GlobalSection(SolutionProperties) = preSolution
		HideSolutionNode = FALSE
	EndGlobalSection
	GlobalSection(ExtensibilityGlobals) = postSolution
		SolutionGuid = {A310F49D-C1EE-41B3-B91D-B7DF10D80B83}
	EndGlobalSection
EndGlobal
