
Microsoft Visual Studio Solution File, Format Version 12.00
# Visual Studio Version 17
VisualStudioVersion = 17.10.35027.167
MinimumVisualStudioVersion = 10.0.40219.1
Project("{9A19103F-16F7-4668-BE54-9A1E7A4F7556}") = "ZIP2Go", "ZIP2Go\ZIP2Go.csproj", "{F385015A-F674-45B9-A957-93ECAD0ECA30}"
EndProject
Project("{9A19103F-16F7-4668-BE54-9A1E7A4F7556}") = "Service", "Service\Service.csproj", "{84DEA13A-062C-4A1A-95C3-046B054FE73B}"
EndProject
Project("{FAE04EC0-301F-11D3-BF4B-00C04F79EFBC}") = "ZIP2Go.API", "ZIP2Go.API\ZIP2Go.API.csproj", "{32C0C1C5-8F93-4184-8EE2-9454D6D66436}"
EndProject
Global
	GlobalSection(SolutionConfigurationPlatforms) = preSolution
		Debug|Any CPU = Debug|Any CPU
		Release|Any CPU = Release|Any CPU
	EndGlobalSection
	GlobalSection(ProjectConfigurationPlatforms) = postSolution
		{F385015A-F674-45B9-A957-93ECAD0ECA30}.Debug|Any CPU.ActiveCfg = Debug|Any CPU
		{F385015A-F674-45B9-A957-93ECAD0ECA30}.Debug|Any CPU.Build.0 = Debug|Any CPU
		{F385015A-F674-45B9-A957-93ECAD0ECA30}.Release|Any CPU.ActiveCfg = Release|Any CPU
		{F385015A-F674-45B9-A957-93ECAD0ECA30}.Release|Any CPU.Build.0 = Release|Any CPU
		{84DEA13A-062C-4A1A-95C3-046B054FE73B}.Debug|Any CPU.ActiveCfg = Debug|Any CPU
		{84DEA13A-062C-4A1A-95C3-046B054FE73B}.Debug|Any CPU.Build.0 = Debug|Any CPU
		{84DEA13A-062C-4A1A-95C3-046B054FE73B}.Release|Any CPU.ActiveCfg = Release|Any CPU
		{84DEA13A-062C-4A1A-95C3-046B054FE73B}.Release|Any CPU.Build.0 = Release|Any CPU
		{32C0C1C5-8F93-4184-8EE2-9454D6D66436}.Debug|Any CPU.ActiveCfg = Debug|Any CPU
		{32C0C1C5-8F93-4184-8EE2-9454D6D66436}.Debug|Any CPU.Build.0 = Debug|Any CPU
		{32C0C1C5-8F93-4184-8EE2-9454D6D66436}.Release|Any CPU.ActiveCfg = Release|Any CPU
		{32C0C1C5-8F93-4184-8EE2-9454D6D66436}.Release|Any CPU.Build.0 = Release|Any CPU
	EndGlobalSection
	GlobalSection(SolutionProperties) = preSolution
		HideSolutionNode = FALSE
	EndGlobalSection
	GlobalSection(ExtensibilityGlobals) = postSolution
		SolutionGuid = {A310F49D-C1EE-41B3-B91D-B7DF10D80B83}
	EndGlobalSection
EndGlobal
